
Microsoft Visual Studio Solution File, Format Version 12.00
# Visual Studio Version 16
VisualStudioVersion = 16.0.28803.352
MinimumVisualStudioVersion = 10.0.40219.1
Project("{9A19103F-16F7-4668-BE54-9A1E7A4F7556}") = "ThetaNetCore", "ThetaNetCore\ThetaNetCore.csproj", "{69BB6066-149D-4CA7-B248-552746BA0FC0}"
EndProject
Project("{FAE04EC0-301F-11D3-BF4B-00C04F79EFBC}") = "ThetaNetSample", "ThetaNetSample\ThetaNetSample.csproj", "{4869082C-1A97-40F2-87F4-C5DC38ADA1BE}"
EndProject
Project("{FAE04EC0-301F-11D3-BF4B-00C04F79EFBC}") = "SphereViewWpf", "SphereViewWpf\SphereViewWpf.csproj", "{788A5921-78BF-47DC-8890-A30704408360}"
EndProject
Global
	GlobalSection(SolutionConfigurationPlatforms) = preSolution
		Debug|Any CPU = Debug|Any CPU
		Release|Any CPU = Release|Any CPU
	EndGlobalSection
	GlobalSection(ProjectConfigurationPlatforms) = postSolution
		{69BB6066-149D-4CA7-B248-552746BA0FC0}.Debug|Any CPU.ActiveCfg = Debug|Any CPU
		{69BB6066-149D-4CA7-B248-552746BA0FC0}.Debug|Any CPU.Build.0 = Debug|Any CPU
		{69BB6066-149D-4CA7-B248-552746BA0FC0}.Release|Any CPU.ActiveCfg = Release|Any CPU
		{69BB6066-149D-4CA7-B248-552746BA0FC0}.Release|Any CPU.Build.0 = Release|Any CPU
		{4869082C-1A97-40F2-87F4-C5DC38ADA1BE}.Debug|Any CPU.ActiveCfg = Debug|Any CPU
		{4869082C-1A97-40F2-87F4-C5DC38ADA1BE}.Debug|Any CPU.Build.0 = Debug|Any CPU
		{4869082C-1A97-40F2-87F4-C5DC38ADA1BE}.Release|Any CPU.ActiveCfg = Release|Any CPU
		{4869082C-1A97-40F2-87F4-C5DC38ADA1BE}.Release|Any CPU.Build.0 = Release|Any CPU
		{788A5921-78BF-47DC-8890-A30704408360}.Debug|Any CPU.ActiveCfg = Debug|Any CPU
		{788A5921-78BF-47DC-8890-A30704408360}.Debug|Any CPU.Build.0 = Debug|Any CPU
		{788A5921-78BF-47DC-8890-A30704408360}.Release|Any CPU.ActiveCfg = Release|Any CPU
		{788A5921-78BF-47DC-8890-A30704408360}.Release|Any CPU.Build.0 = Release|Any CPU
	EndGlobalSection
	GlobalSection(SolutionProperties) = preSolution
		HideSolutionNode = FALSE
	EndGlobalSection
	GlobalSection(ExtensibilityGlobals) = postSolution
		SolutionGuid = {DB42ED31-5172-49BF-AD65-089E8FEA4BB2}
	EndGlobalSection
EndGlobal
