
Microsoft Visual Studio Solution File, Format Version 12.00
# Visual Studio Version 16
VisualStudioVersion = 16.0.28803.352
MinimumVisualStudioVersion = 10.0.40219.1
Project("{9A19103F-16F7-4668-BE54-9A1E7A4F7556}") = "ThetaNetCore", "ThetaNetCore\ThetaNetCore.csproj", "{69BB6066-149D-4CA7-B248-552746BA0FC0}"
EndProject
Project("{FAE04EC0-301F-11D3-BF4B-00C04F79EFBC}") = "SphereViewWpf", "SphereViewWpf\SphereViewWpf.csproj", "{788A5921-78BF-47DC-8890-A30704408360}"
EndProject
Project("{FAE04EC0-301F-11D3-BF4B-00C04F79EFBC}") = "ThetaWinApp", "ThetaWinApp\ThetaWinApp.csproj", "{9C10D5D5-CB14-4A34-B746-3530AEF78581}"
EndProject
Project("{FAE04EC0-301F-11D3-BF4B-00C04F79EFBC}") = "VideoViewTest", "VideoViewTest\VideoViewTest.csproj", "{B8D80401-CFC5-40C7-B9B2-6BD0211C2593}"
EndProject
Project("{8BC9CEB8-8B4A-11D0-8D11-00A0C91BC942}") = "OpenH264Lib", "OpenH264Lib\OpenH264Lib.vcxproj", "{B4FE105E-C607-40DC-A86B-AED03E14D18D}"
EndProject
Global
	GlobalSection(SolutionConfigurationPlatforms) = preSolution
		Debug|Any CPU = Debug|Any CPU
		Debug|x64 = Debug|x64
		Debug|x86 = Debug|x86
		Release|Any CPU = Release|Any CPU
		Release|x64 = Release|x64
		Release|x86 = Release|x86
	EndGlobalSection
	GlobalSection(ProjectConfigurationPlatforms) = postSolution
		{69BB6066-149D-4CA7-B248-552746BA0FC0}.Debug|Any CPU.ActiveCfg = Debug|Any CPU
		{69BB6066-149D-4CA7-B248-552746BA0FC0}.Debug|Any CPU.Build.0 = Debug|Any CPU
		{69BB6066-149D-4CA7-B248-552746BA0FC0}.Debug|x64.ActiveCfg = Debug|Any CPU
		{69BB6066-149D-4CA7-B248-552746BA0FC0}.Debug|x64.Build.0 = Debug|Any CPU
		{69BB6066-149D-4CA7-B248-552746BA0FC0}.Debug|x86.ActiveCfg = Debug|Any CPU
		{69BB6066-149D-4CA7-B248-552746BA0FC0}.Debug|x86.Build.0 = Debug|Any CPU
		{69BB6066-149D-4CA7-B248-552746BA0FC0}.Release|Any CPU.ActiveCfg = Release|Any CPU
		{69BB6066-149D-4CA7-B248-552746BA0FC0}.Release|Any CPU.Build.0 = Release|Any CPU
		{69BB6066-149D-4CA7-B248-552746BA0FC0}.Release|x64.ActiveCfg = Release|Any CPU
		{69BB6066-149D-4CA7-B248-552746BA0FC0}.Release|x64.Build.0 = Release|Any CPU
		{69BB6066-149D-4CA7-B248-552746BA0FC0}.Release|x86.ActiveCfg = Release|Any CPU
		{69BB6066-149D-4CA7-B248-552746BA0FC0}.Release|x86.Build.0 = Release|Any CPU
		{788A5921-78BF-47DC-8890-A30704408360}.Debug|Any CPU.ActiveCfg = Debug|Any CPU
		{788A5921-78BF-47DC-8890-A30704408360}.Debug|Any CPU.Build.0 = Debug|Any CPU
		{788A5921-78BF-47DC-8890-A30704408360}.Debug|x64.ActiveCfg = Debug|Any CPU
		{788A5921-78BF-47DC-8890-A30704408360}.Debug|x64.Build.0 = Debug|Any CPU
		{788A5921-78BF-47DC-8890-A30704408360}.Debug|x86.ActiveCfg = Debug|Any CPU
		{788A5921-78BF-47DC-8890-A30704408360}.Debug|x86.Build.0 = Debug|Any CPU
		{788A5921-78BF-47DC-8890-A30704408360}.Release|Any CPU.ActiveCfg = Release|Any CPU
		{788A5921-78BF-47DC-8890-A30704408360}.Release|Any CPU.Build.0 = Release|Any CPU
		{788A5921-78BF-47DC-8890-A30704408360}.Release|x64.ActiveCfg = Release|Any CPU
		{788A5921-78BF-47DC-8890-A30704408360}.Release|x64.Build.0 = Release|Any CPU
		{788A5921-78BF-47DC-8890-A30704408360}.Release|x86.ActiveCfg = Release|Any CPU
		{788A5921-78BF-47DC-8890-A30704408360}.Release|x86.Build.0 = Release|Any CPU
		{9C10D5D5-CB14-4A34-B746-3530AEF78581}.Debug|Any CPU.ActiveCfg = Debug|Any CPU
		{9C10D5D5-CB14-4A34-B746-3530AEF78581}.Debug|Any CPU.Build.0 = Debug|Any CPU
		{9C10D5D5-CB14-4A34-B746-3530AEF78581}.Debug|x64.ActiveCfg = Debug|Any CPU
		{9C10D5D5-CB14-4A34-B746-3530AEF78581}.Debug|x64.Build.0 = Debug|Any CPU
		{9C10D5D5-CB14-4A34-B746-3530AEF78581}.Debug|x86.ActiveCfg = Debug|Any CPU
		{9C10D5D5-CB14-4A34-B746-3530AEF78581}.Debug|x86.Build.0 = Debug|Any CPU
		{9C10D5D5-CB14-4A34-B746-3530AEF78581}.Release|Any CPU.ActiveCfg = Release|Any CPU
		{9C10D5D5-CB14-4A34-B746-3530AEF78581}.Release|Any CPU.Build.0 = Release|Any CPU
		{9C10D5D5-CB14-4A34-B746-3530AEF78581}.Release|x64.ActiveCfg = Release|Any CPU
		{9C10D5D5-CB14-4A34-B746-3530AEF78581}.Release|x64.Build.0 = Release|Any CPU
		{9C10D5D5-CB14-4A34-B746-3530AEF78581}.Release|x86.ActiveCfg = Release|Any CPU
		{9C10D5D5-CB14-4A34-B746-3530AEF78581}.Release|x86.Build.0 = Release|Any CPU
		{B8D80401-CFC5-40C7-B9B2-6BD0211C2593}.Debug|Any CPU.ActiveCfg = Debug|Any CPU
		{B8D80401-CFC5-40C7-B9B2-6BD0211C2593}.Debug|Any CPU.Build.0 = Debug|Any CPU
		{B8D80401-CFC5-40C7-B9B2-6BD0211C2593}.Debug|x64.ActiveCfg = Debug|Any CPU
		{B8D80401-CFC5-40C7-B9B2-6BD0211C2593}.Debug|x64.Build.0 = Debug|Any CPU
		{B8D80401-CFC5-40C7-B9B2-6BD0211C2593}.Debug|x86.ActiveCfg = Debug|Any CPU
		{B8D80401-CFC5-40C7-B9B2-6BD0211C2593}.Debug|x86.Build.0 = Debug|Any CPU
		{B8D80401-CFC5-40C7-B9B2-6BD0211C2593}.Release|Any CPU.ActiveCfg = Release|Any CPU
		{B8D80401-CFC5-40C7-B9B2-6BD0211C2593}.Release|Any CPU.Build.0 = Release|Any CPU
		{B8D80401-CFC5-40C7-B9B2-6BD0211C2593}.Release|x64.ActiveCfg = Release|Any CPU
		{B8D80401-CFC5-40C7-B9B2-6BD0211C2593}.Release|x64.Build.0 = Release|Any CPU
		{B8D80401-CFC5-40C7-B9B2-6BD0211C2593}.Release|x86.ActiveCfg = Release|Any CPU
		{B8D80401-CFC5-40C7-B9B2-6BD0211C2593}.Release|x86.Build.0 = Release|Any CPU
		{B4FE105E-C607-40DC-A86B-AED03E14D18D}.Debug|Any CPU.ActiveCfg = Debug|Win32
		{B4FE105E-C607-40DC-A86B-AED03E14D18D}.Debug|x64.ActiveCfg = Debug|x64
		{B4FE105E-C607-40DC-A86B-AED03E14D18D}.Debug|x64.Build.0 = Debug|x64
		{B4FE105E-C607-40DC-A86B-AED03E14D18D}.Debug|x86.ActiveCfg = Debug|Win32
		{B4FE105E-C607-40DC-A86B-AED03E14D18D}.Debug|x86.Build.0 = Debug|Win32
		{B4FE105E-C607-40DC-A86B-AED03E14D18D}.Release|Any CPU.ActiveCfg = Release|Win32
		{B4FE105E-C607-40DC-A86B-AED03E14D18D}.Release|x64.ActiveCfg = Release|x64
		{B4FE105E-C607-40DC-A86B-AED03E14D18D}.Release|x64.Build.0 = Release|x64
		{B4FE105E-C607-40DC-A86B-AED03E14D18D}.Release|x86.ActiveCfg = Release|Win32
		{B4FE105E-C607-40DC-A86B-AED03E14D18D}.Release|x86.Build.0 = Release|Win32
	EndGlobalSection
	GlobalSection(SolutionProperties) = preSolution
		HideSolutionNode = FALSE
	EndGlobalSection
	GlobalSection(ExtensibilityGlobals) = postSolution
		SolutionGuid = {DB42ED31-5172-49BF-AD65-089E8FEA4BB2}
	EndGlobalSection
EndGlobal
