
Microsoft Visual Studio Solution File, Format Version 12.00
# Visual Studio Version 16
VisualStudioVersion = 16.0.28803.352
MinimumVisualStudioVersion = 10.0.40219.1
Project("{9A19103F-16F7-4668-BE54-9A1E7A4F7556}") = "ThetaNetCore", "ThetaNetCore\ThetaNetCore.csproj", "{6BC15D39-01E4-42FA-9E52-6F2DB8A70D32}"
EndProject
Project("{9A19103F-16F7-4668-BE54-9A1E7A4F7556}") = "DormView", "DormView\DormView.csproj", "{F3134A50-13BF-4D13-869B-35397B59208E}"
EndProject
Project("{9A19103F-16F7-4668-BE54-9A1E7A4F7556}") = "ThetaNetCoreApp", "ThetaNetCoreApp\ThetaNetCoreApp.csproj", "{BACBA586-6E22-4F00-A00C-5CBABBE91767}"
EndProject
Global
	GlobalSection(SolutionConfigurationPlatforms) = preSolution
		Debug|Any CPU = Debug|Any CPU
		Debug|x64 = Debug|x64
		Debug|x86 = Debug|x86
		Release|Any CPU = Release|Any CPU
		Release|x64 = Release|x64
		Release|x86 = Release|x86
	EndGlobalSection
	GlobalSection(ProjectConfigurationPlatforms) = postSolution
		{6BC15D39-01E4-42FA-9E52-6F2DB8A70D32}.Debug|Any CPU.ActiveCfg = Debug|Any CPU
		{6BC15D39-01E4-42FA-9E52-6F2DB8A70D32}.Debug|Any CPU.Build.0 = Debug|Any CPU
		{6BC15D39-01E4-42FA-9E52-6F2DB8A70D32}.Debug|x64.ActiveCfg = Debug|Any CPU
		{6BC15D39-01E4-42FA-9E52-6F2DB8A70D32}.Debug|x64.Build.0 = Debug|Any CPU
		{6BC15D39-01E4-42FA-9E52-6F2DB8A70D32}.Debug|x86.ActiveCfg = Debug|Any CPU
		{6BC15D39-01E4-42FA-9E52-6F2DB8A70D32}.Debug|x86.Build.0 = Debug|Any CPU
		{6BC15D39-01E4-42FA-9E52-6F2DB8A70D32}.Release|Any CPU.ActiveCfg = Release|Any CPU
		{6BC15D39-01E4-42FA-9E52-6F2DB8A70D32}.Release|Any CPU.Build.0 = Release|Any CPU
		{6BC15D39-01E4-42FA-9E52-6F2DB8A70D32}.Release|x64.ActiveCfg = Release|Any CPU
		{6BC15D39-01E4-42FA-9E52-6F2DB8A70D32}.Release|x64.Build.0 = Release|Any CPU
		{6BC15D39-01E4-42FA-9E52-6F2DB8A70D32}.Release|x86.ActiveCfg = Release|Any CPU
		{6BC15D39-01E4-42FA-9E52-6F2DB8A70D32}.Release|x86.Build.0 = Release|Any CPU
		{F3134A50-13BF-4D13-869B-35397B59208E}.Debug|Any CPU.ActiveCfg = Debug|Any CPU
		{F3134A50-13BF-4D13-869B-35397B59208E}.Debug|Any CPU.Build.0 = Debug|Any CPU
		{F3134A50-13BF-4D13-869B-35397B59208E}.Debug|x64.ActiveCfg = Debug|Any CPU
		{F3134A50-13BF-4D13-869B-35397B59208E}.Debug|x64.Build.0 = Debug|Any CPU
		{F3134A50-13BF-4D13-869B-35397B59208E}.Debug|x86.ActiveCfg = Debug|Any CPU
		{F3134A50-13BF-4D13-869B-35397B59208E}.Debug|x86.Build.0 = Debug|Any CPU
		{F3134A50-13BF-4D13-869B-35397B59208E}.Release|Any CPU.ActiveCfg = Release|Any CPU
		{F3134A50-13BF-4D13-869B-35397B59208E}.Release|Any CPU.Build.0 = Release|Any CPU
		{F3134A50-13BF-4D13-869B-35397B59208E}.Release|x64.ActiveCfg = Release|Any CPU
		{F3134A50-13BF-4D13-869B-35397B59208E}.Release|x64.Build.0 = Release|Any CPU
		{F3134A50-13BF-4D13-869B-35397B59208E}.Release|x86.ActiveCfg = Release|Any CPU
		{F3134A50-13BF-4D13-869B-35397B59208E}.Release|x86.Build.0 = Release|Any CPU
		{BACBA586-6E22-4F00-A00C-5CBABBE91767}.Debug|Any CPU.ActiveCfg = Debug|Any CPU
		{BACBA586-6E22-4F00-A00C-5CBABBE91767}.Debug|Any CPU.Build.0 = Debug|Any CPU
		{BACBA586-6E22-4F00-A00C-5CBABBE91767}.Debug|x64.ActiveCfg = Debug|Any CPU
		{BACBA586-6E22-4F00-A00C-5CBABBE91767}.Debug|x64.Build.0 = Debug|Any CPU
		{BACBA586-6E22-4F00-A00C-5CBABBE91767}.Debug|x86.ActiveCfg = Debug|Any CPU
		{BACBA586-6E22-4F00-A00C-5CBABBE91767}.Debug|x86.Build.0 = Debug|Any CPU
		{BACBA586-6E22-4F00-A00C-5CBABBE91767}.Release|Any CPU.ActiveCfg = Release|Any CPU
		{BACBA586-6E22-4F00-A00C-5CBABBE91767}.Release|Any CPU.Build.0 = Release|Any CPU
		{BACBA586-6E22-4F00-A00C-5CBABBE91767}.Release|x64.ActiveCfg = Release|Any CPU
		{BACBA586-6E22-4F00-A00C-5CBABBE91767}.Release|x64.Build.0 = Release|Any CPU
		{BACBA586-6E22-4F00-A00C-5CBABBE91767}.Release|x86.ActiveCfg = Release|Any CPU
		{BACBA586-6E22-4F00-A00C-5CBABBE91767}.Release|x86.Build.0 = Release|Any CPU
	EndGlobalSection
	GlobalSection(SolutionProperties) = preSolution
		HideSolutionNode = FALSE
	EndGlobalSection
	GlobalSection(ExtensibilityGlobals) = postSolution
		SolutionGuid = {DB42ED31-5172-49BF-AD65-089E8FEA4BB2}
	EndGlobalSection
EndGlobal
